// !$*UTF8*$!
{
	archiveVersion = 1;
	classes = {
	};
	objectVersion = 56;
	objects = {

/* Begin PBXBuildFile section */
		747792F829E837F200285908 /* PocketCloudApp.swift in Sources */ = {isa = PBXBuildFile; fileRef = 747792F729E837F200285908 /* PocketCloudApp.swift */; };
		747792FA29E837F200285908 /* ContentView.swift in Sources */ = {isa = PBXBuildFile; fileRef = 747792F929E837F200285908 /* ContentView.swift */; };
		747792FC29E837F300285908 /* Assets.xcassets in Resources */ = {isa = PBXBuildFile; fileRef = 747792FB29E837F300285908 /* Assets.xcassets */; };
		747792FF29E837F300285908 /* Preview Assets.xcassets in Resources */ = {isa = PBXBuildFile; fileRef = 747792FE29E837F300285908 /* Preview Assets.xcassets */; };
		7477930C29E87E5800285908 /* Color.swift in Sources */ = {isa = PBXBuildFile; fileRef = 7477930B29E87E5800285908 /* Color.swift */; };
		7477930E29E8808900285908 /* View.swift in Sources */ = {isa = PBXBuildFile; fileRef = 7477930D29E8808900285908 /* View.swift */; };
		7477931129E88B8100285908 /* StatCircle.swift in Sources */ = {isa = PBXBuildFile; fileRef = 7477931029E88B8100285908 /* StatCircle.swift */; };
		7477931529E9266400285908 /* MainScreen.swift in Sources */ = {isa = PBXBuildFile; fileRef = 7477931429E9266400285908 /* MainScreen.swift */; };
		7477931C29E931A300285908 /* FileNode.swift in Sources */ = {isa = PBXBuildFile; fileRef = 7477931B29E931A300285908 /* FileNode.swift */; };
		7477931E29E932E000285908 /* MainScreenViewModel.swift in Sources */ = {isa = PBXBuildFile; fileRef = 7477931D29E932E000285908 /* MainScreenViewModel.swift */; };
		7477932029E9A5D000285908 /* TreeRow.swift in Sources */ = {isa = PBXBuildFile; fileRef = 7477931F29E9A5D000285908 /* TreeRow.swift */; };
		7477932229E9AEC500285908 /* PinpadScreen.swift in Sources */ = {isa = PBXBuildFile; fileRef = 7477932129E9AEC500285908 /* PinpadScreen.swift */; };
		7477932429E9B17B00285908 /* PinpadScreenViewModel.swift in Sources */ = {isa = PBXBuildFile; fileRef = 7477932329E9B17B00285908 /* PinpadScreenViewModel.swift */; };
		7477932829E9B49A00285908 /* KeyChainPropertyWrapper.swift in Sources */ = {isa = PBXBuildFile; fileRef = 7477932729E9B49A00285908 /* KeyChainPropertyWrapper.swift */; };
		7477932A29E9B4C700285908 /* KeyChainHelper.swift in Sources */ = {isa = PBXBuildFile; fileRef = 7477932929E9B4C700285908 /* KeyChainHelper.swift */; };
		7477932D29E9B70F00285908 /* SwiftKeychainWrapper in Frameworks */ = {isa = PBXBuildFile; productRef = 7477932C29E9B70F00285908 /* SwiftKeychainWrapper */; };
/* End PBXBuildFile section */

/* Begin PBXFileReference section */
		747792F429E837F200285908 /* PocketCloud.app */ = {isa = PBXFileReference; explicitFileType = wrapper.application; includeInIndex = 0; path = PocketCloud.app; sourceTree = BUILT_PRODUCTS_DIR; };
		747792F729E837F200285908 /* PocketCloudApp.swift */ = {isa = PBXFileReference; lastKnownFileType = sourcecode.swift; path = PocketCloudApp.swift; sourceTree = "<group>"; };
		747792F929E837F200285908 /* ContentView.swift */ = {isa = PBXFileReference; lastKnownFileType = sourcecode.swift; path = ContentView.swift; sourceTree = "<group>"; };
		747792FB29E837F300285908 /* Assets.xcassets */ = {isa = PBXFileReference; lastKnownFileType = folder.assetcatalog; path = Assets.xcassets; sourceTree = "<group>"; };
		747792FE29E837F300285908 /* Preview Assets.xcassets */ = {isa = PBXFileReference; lastKnownFileType = folder.assetcatalog; path = "Preview Assets.xcassets"; sourceTree = "<group>"; };
		7477930B29E87E5800285908 /* Color.swift */ = {isa = PBXFileReference; lastKnownFileType = sourcecode.swift; path = Color.swift; sourceTree = "<group>"; };
		7477930D29E8808900285908 /* View.swift */ = {isa = PBXFileReference; lastKnownFileType = sourcecode.swift; path = View.swift; sourceTree = "<group>"; };
		7477931029E88B8100285908 /* StatCircle.swift */ = {isa = PBXFileReference; lastKnownFileType = sourcecode.swift; path = StatCircle.swift; sourceTree = "<group>"; };
		7477931429E9266400285908 /* MainScreen.swift */ = {isa = PBXFileReference; lastKnownFileType = sourcecode.swift; path = MainScreen.swift; sourceTree = "<group>"; };
		7477931B29E931A300285908 /* FileNode.swift */ = {isa = PBXFileReference; lastKnownFileType = sourcecode.swift; path = FileNode.swift; sourceTree = "<group>"; };
		7477931D29E932E000285908 /* MainScreenViewModel.swift */ = {isa = PBXFileReference; lastKnownFileType = sourcecode.swift; path = MainScreenViewModel.swift; sourceTree = "<group>"; };
		7477931F29E9A5D000285908 /* TreeRow.swift */ = {isa = PBXFileReference; lastKnownFileType = sourcecode.swift; path = TreeRow.swift; sourceTree = "<group>"; };
		7477932129E9AEC500285908 /* PinpadScreen.swift */ = {isa = PBXFileReference; lastKnownFileType = sourcecode.swift; path = PinpadScreen.swift; sourceTree = "<group>"; };
		7477932329E9B17B00285908 /* PinpadScreenViewModel.swift */ = {isa = PBXFileReference; lastKnownFileType = sourcecode.swift; path = PinpadScreenViewModel.swift; sourceTree = "<group>"; };
		7477932729E9B49A00285908 /* KeyChainPropertyWrapper.swift */ = {isa = PBXFileReference; lastKnownFileType = sourcecode.swift; path = KeyChainPropertyWrapper.swift; sourceTree = "<group>"; };
		7477932929E9B4C700285908 /* KeyChainHelper.swift */ = {isa = PBXFileReference; lastKnownFileType = sourcecode.swift; path = KeyChainHelper.swift; sourceTree = "<group>"; };
/* End PBXFileReference section */

/* Begin PBXFrameworksBuildPhase section */
		747792F129E837F200285908 /* Frameworks */ = {
			isa = PBXFrameworksBuildPhase;
			buildActionMask = 2147483647;
			files = (
				7477932D29E9B70F00285908 /* SwiftKeychainWrapper in Frameworks */,
			);
			runOnlyForDeploymentPostprocessing = 0;
		};
/* End PBXFrameworksBuildPhase section */

/* Begin PBXGroup section */
		747792EB29E837F200285908 = {
			isa = PBXGroup;
			children = (
				747792F629E837F200285908 /* PocketCloud */,
				747792F529E837F200285908 /* Products */,
			);
			sourceTree = "<group>";
		};
		747792F529E837F200285908 /* Products */ = {
			isa = PBXGroup;
			children = (
				747792F429E837F200285908 /* PocketCloud.app */,
			);
			name = Products;
			sourceTree = "<group>";
		};
		747792F629E837F200285908 /* PocketCloud */ = {
			isa = PBXGroup;
			children = (
				7477932529E9B45F00285908 /* Utils */,
				7477930A29E87E4800285908 /* Extensions */,
				7477930929E84F6200285908 /* NetworkLayer */,
				7477930829E84F5600285908 /* DataLayer */,
				7477930729E84F4D00285908 /* ViewLayer */,
				747792F729E837F200285908 /* PocketCloudApp.swift */,
				747792F929E837F200285908 /* ContentView.swift */,
				747792FB29E837F300285908 /* Assets.xcassets */,
				747792FD29E837F300285908 /* Preview Content */,
			);
			path = PocketCloud;
			sourceTree = "<group>";
		};
		747792FD29E837F300285908 /* Preview Content */ = {
			isa = PBXGroup;
			children = (
				747792FE29E837F300285908 /* Preview Assets.xcassets */,
			);
			path = "Preview Content";
			sourceTree = "<group>";
		};
		7477930729E84F4D00285908 /* ViewLayer */ = {
			isa = PBXGroup;
			children = (
				7477931329E9265000285908 /* LogScreen */,
				7477931229E9264800285908 /* MainScreen */,
				7477930F29E88B6700285908 /* Components */,
			);
			path = ViewLayer;
			sourceTree = "<group>";
		};
		7477930829E84F5600285908 /* DataLayer */ = {
			isa = PBXGroup;
			children = (
				7477931629E9298A00285908 /* Models */,
			);
			path = DataLayer;
			sourceTree = "<group>";
		};
		7477930929E84F6200285908 /* NetworkLayer */ = {
			isa = PBXGroup;
			children = (
			);
			path = NetworkLayer;
			sourceTree = "<group>";
		};
		7477930A29E87E4800285908 /* Extensions */ = {
			isa = PBXGroup;
			children = (
				7477930B29E87E5800285908 /* Color.swift */,
				7477930D29E8808900285908 /* View.swift */,
			);
			path = Extensions;
			sourceTree = "<group>";
		};
		7477930F29E88B6700285908 /* Components */ = {
			isa = PBXGroup;
			children = (
				7477931029E88B8100285908 /* StatCircle.swift */,
				7477931F29E9A5D000285908 /* TreeRow.swift */,
			);
			path = Components;
			sourceTree = "<group>";
		};
		7477931229E9264800285908 /* MainScreen */ = {
			isa = PBXGroup;
			children = (
				7477931429E9266400285908 /* MainScreen.swift */,
				7477931D29E932E000285908 /* MainScreenViewModel.swift */,
			);
			path = MainScreen;
			sourceTree = "<group>";
		};
		7477931329E9265000285908 /* LogScreen */ = {
			isa = PBXGroup;
			children = (
				7477932129E9AEC500285908 /* PinpadScreen.swift */,
				7477932329E9B17B00285908 /* PinpadScreenViewModel.swift */,
			);
			path = LogScreen;
			sourceTree = "<group>";
		};
		7477931629E9298A00285908 /* Models */ = {
			isa = PBXGroup;
			children = (
				7477931B29E931A300285908 /* FileNode.swift */,
			);
			path = Models;
			sourceTree = "<group>";
		};
		7477932529E9B45F00285908 /* Utils */ = {
			isa = PBXGroup;
			children = (
				7477932629E9B46600285908 /* KeyChain */,
			);
			path = Utils;
			sourceTree = "<group>";
		};
		7477932629E9B46600285908 /* KeyChain */ = {
			isa = PBXGroup;
			children = (
				7477932729E9B49A00285908 /* KeyChainPropertyWrapper.swift */,
				7477932929E9B4C700285908 /* KeyChainHelper.swift */,
			);
			path = KeyChain;
			sourceTree = "<group>";
		};
/* End PBXGroup section */

/* Begin PBXNativeTarget section */
		747792F329E837F200285908 /* PocketCloud */ = {
			isa = PBXNativeTarget;
			buildConfigurationList = 7477930229E837F300285908 /* Build configuration list for PBXNativeTarget "PocketCloud" */;
			buildPhases = (
				747792F029E837F200285908 /* Sources */,
				747792F129E837F200285908 /* Frameworks */,
				747792F229E837F200285908 /* Resources */,
			);
			buildRules = (
			);
			dependencies = (
			);
			name = PocketCloud;
			packageProductDependencies = (
				7477932C29E9B70F00285908 /* SwiftKeychainWrapper */,
			);
			productName = PocketCloud;
			productReference = 747792F429E837F200285908 /* PocketCloud.app */;
			productType = "com.apple.product-type.application";
		};
/* End PBXNativeTarget section */

/* Begin PBXProject section */
		747792EC29E837F200285908 /* Project object */ = {
			isa = PBXProject;
			attributes = {
				BuildIndependentTargetsInParallel = 1;
				LastSwiftUpdateCheck = 1420;
				LastUpgradeCheck = 1420;
				TargetAttributes = {
					747792F329E837F200285908 = {
						CreatedOnToolsVersion = 14.2;
					};
				};
			};
			buildConfigurationList = 747792EF29E837F200285908 /* Build configuration list for PBXProject "PocketCloud" */;
			compatibilityVersion = "Xcode 14.0";
			developmentRegion = en;
			hasScannedForEncodings = 0;
			knownRegions = (
				en,
				Base,
			);
			mainGroup = 747792EB29E837F200285908;
			packageReferences = (
				7477932B29E9B70F00285908 /* XCRemoteSwiftPackageReference "SwiftKeychainWrapper" */,
			);
			productRefGroup = 747792F529E837F200285908 /* Products */;
			projectDirPath = "";
			projectRoot = "";
			targets = (
				747792F329E837F200285908 /* PocketCloud */,
			);
		};
/* End PBXProject section */

/* Begin PBXResourcesBuildPhase section */
		747792F229E837F200285908 /* Resources */ = {
			isa = PBXResourcesBuildPhase;
			buildActionMask = 2147483647;
			files = (
				747792FF29E837F300285908 /* Preview Assets.xcassets in Resources */,
				747792FC29E837F300285908 /* Assets.xcassets in Resources */,
			);
			runOnlyForDeploymentPostprocessing = 0;
		};
/* End PBXResourcesBuildPhase section */

/* Begin PBXSourcesBuildPhase section */
		747792F029E837F200285908 /* Sources */ = {
			isa = PBXSourcesBuildPhase;
			buildActionMask = 2147483647;
			files = (
				7477931E29E932E000285908 /* MainScreenViewModel.swift in Sources */,
				7477932229E9AEC500285908 /* PinpadScreen.swift in Sources */,
				7477932829E9B49A00285908 /* KeyChainPropertyWrapper.swift in Sources */,
				7477931529E9266400285908 /* MainScreen.swift in Sources */,
				7477931C29E931A300285908 /* FileNode.swift in Sources */,
				7477930E29E8808900285908 /* View.swift in Sources */,
				747792FA29E837F200285908 /* ContentView.swift in Sources */,
				7477932029E9A5D000285908 /* TreeRow.swift in Sources */,
				747792F829E837F200285908 /* PocketCloudApp.swift in Sources */,
				7477930C29E87E5800285908 /* Color.swift in Sources */,
				7477932429E9B17B00285908 /* PinpadScreenViewModel.swift in Sources */,
				7477932A29E9B4C700285908 /* KeyChainHelper.swift in Sources */,
				7477931129E88B8100285908 /* StatCircle.swift in Sources */,
			);
			runOnlyForDeploymentPostprocessing = 0;
		};
/* End PBXSourcesBuildPhase section */

/* Begin XCBuildConfiguration section */
		7477930029E837F300285908 /* Debug */ = {
			isa = XCBuildConfiguration;
			buildSettings = {
				ALWAYS_SEARCH_USER_PATHS = NO;
				CLANG_ANALYZER_NONNULL = YES;
				CLANG_ANALYZER_NUMBER_OBJECT_CONVERSION = YES_AGGRESSIVE;
				CLANG_CXX_LANGUAGE_STANDARD = "gnu++20";
				CLANG_ENABLE_MODULES = YES;
				CLANG_ENABLE_OBJC_ARC = YES;
				CLANG_ENABLE_OBJC_WEAK = YES;
				CLANG_WARN_BLOCK_CAPTURE_AUTORELEASING = YES;
				CLANG_WARN_BOOL_CONVERSION = YES;
				CLANG_WARN_COMMA = YES;
				CLANG_WARN_CONSTANT_CONVERSION = YES;
				CLANG_WARN_DEPRECATED_OBJC_IMPLEMENTATIONS = YES;
				CLANG_WARN_DIRECT_OBJC_ISA_USAGE = YES_ERROR;
				CLANG_WARN_DOCUMENTATION_COMMENTS = YES;
				CLANG_WARN_EMPTY_BODY = YES;
				CLANG_WARN_ENUM_CONVERSION = YES;
				CLANG_WARN_INFINITE_RECURSION = YES;
				CLANG_WARN_INT_CONVERSION = YES;
				CLANG_WARN_NON_LITERAL_NULL_CONVERSION = YES;
				CLANG_WARN_OBJC_IMPLICIT_RETAIN_SELF = YES;
				CLANG_WARN_OBJC_LITERAL_CONVERSION = YES;
				CLANG_WARN_OBJC_ROOT_CLASS = YES_ERROR;
				CLANG_WARN_QUOTED_INCLUDE_IN_FRAMEWORK_HEADER = YES;
				CLANG_WARN_RANGE_LOOP_ANALYSIS = YES;
				CLANG_WARN_STRICT_PROTOTYPES = YES;
				CLANG_WARN_SUSPICIOUS_MOVE = YES;
				CLANG_WARN_UNGUARDED_AVAILABILITY = YES_AGGRESSIVE;
				CLANG_WARN_UNREACHABLE_CODE = YES;
				CLANG_WARN__DUPLICATE_METHOD_MATCH = YES;
				COPY_PHASE_STRIP = NO;
				DEBUG_INFORMATION_FORMAT = dwarf;
				ENABLE_STRICT_OBJC_MSGSEND = YES;
				ENABLE_TESTABILITY = YES;
				GCC_C_LANGUAGE_STANDARD = gnu11;
				GCC_DYNAMIC_NO_PIC = NO;
				GCC_NO_COMMON_BLOCKS = YES;
				GCC_OPTIMIZATION_LEVEL = 0;
				GCC_PREPROCESSOR_DEFINITIONS = (
					"DEBUG=1",
					"$(inherited)",
				);
				GCC_WARN_64_TO_32_BIT_CONVERSION = YES;
				GCC_WARN_ABOUT_RETURN_TYPE = YES_ERROR;
				GCC_WARN_UNDECLARED_SELECTOR = YES;
				GCC_WARN_UNINITIALIZED_AUTOS = YES_AGGRESSIVE;
				GCC_WARN_UNUSED_FUNCTION = YES;
				GCC_WARN_UNUSED_VARIABLE = YES;
				IPHONEOS_DEPLOYMENT_TARGET = 14.0;
				MTL_ENABLE_DEBUG_INFO = INCLUDE_SOURCE;
				MTL_FAST_MATH = YES;
				ONLY_ACTIVE_ARCH = YES;
				SDKROOT = iphoneos;
				SWIFT_ACTIVE_COMPILATION_CONDITIONS = DEBUG;
				SWIFT_OPTIMIZATION_LEVEL = "-Onone";
			};
			name = Debug;
		};
		7477930129E837F300285908 /* Release */ = {
			isa = XCBuildConfiguration;
			buildSettings = {
				ALWAYS_SEARCH_USER_PATHS = NO;
				CLANG_ANALYZER_NONNULL = YES;
				CLANG_ANALYZER_NUMBER_OBJECT_CONVERSION = YES_AGGRESSIVE;
				CLANG_CXX_LANGUAGE_STANDARD = "gnu++20";
				CLANG_ENABLE_MODULES = YES;
				CLANG_ENABLE_OBJC_ARC = YES;
				CLANG_ENABLE_OBJC_WEAK = YES;
				CLANG_WARN_BLOCK_CAPTURE_AUTORELEASING = YES;
				CLANG_WARN_BOOL_CONVERSION = YES;
				CLANG_WARN_COMMA = YES;
				CLANG_WARN_CONSTANT_CONVERSION = YES;
				CLANG_WARN_DEPRECATED_OBJC_IMPLEMENTATIONS = YES;
				CLANG_WARN_DIRECT_OBJC_ISA_USAGE = YES_ERROR;
				CLANG_WARN_DOCUMENTATION_COMMENTS = YES;
				CLANG_WARN_EMPTY_BODY = YES;
				CLANG_WARN_ENUM_CONVERSION = YES;
				CLANG_WARN_INFINITE_RECURSION = YES;
				CLANG_WARN_INT_CONVERSION = YES;
				CLANG_WARN_NON_LITERAL_NULL_CONVERSION = YES;
				CLANG_WARN_OBJC_IMPLICIT_RETAIN_SELF = YES;
				CLANG_WARN_OBJC_LITERAL_CONVERSION = YES;
				CLANG_WARN_OBJC_ROOT_CLASS = YES_ERROR;
				CLANG_WARN_QUOTED_INCLUDE_IN_FRAMEWORK_HEADER = YES;
				CLANG_WARN_RANGE_LOOP_ANALYSIS = YES;
				CLANG_WARN_STRICT_PROTOTYPES = YES;
				CLANG_WARN_SUSPICIOUS_MOVE = YES;
				CLANG_WARN_UNGUARDED_AVAILABILITY = YES_AGGRESSIVE;
				CLANG_WARN_UNREACHABLE_CODE = YES;
				CLANG_WARN__DUPLICATE_METHOD_MATCH = YES;
				COPY_PHASE_STRIP = NO;
				DEBUG_INFORMATION_FORMAT = "dwarf-with-dsym";
				ENABLE_NS_ASSERTIONS = NO;
				ENABLE_STRICT_OBJC_MSGSEND = YES;
				GCC_C_LANGUAGE_STANDARD = gnu11;
				GCC_NO_COMMON_BLOCKS = YES;
				GCC_WARN_64_TO_32_BIT_CONVERSION = YES;
				GCC_WARN_ABOUT_RETURN_TYPE = YES_ERROR;
				GCC_WARN_UNDECLARED_SELECTOR = YES;
				GCC_WARN_UNINITIALIZED_AUTOS = YES_AGGRESSIVE;
				GCC_WARN_UNUSED_FUNCTION = YES;
				GCC_WARN_UNUSED_VARIABLE = YES;
				IPHONEOS_DEPLOYMENT_TARGET = 14.0;
				MTL_ENABLE_DEBUG_INFO = NO;
				MTL_FAST_MATH = YES;
				SDKROOT = iphoneos;
				SWIFT_COMPILATION_MODE = wholemodule;
				SWIFT_OPTIMIZATION_LEVEL = "-O";
				VALIDATE_PRODUCT = YES;
			};
			name = Release;
		};
		7477930329E837F300285908 /* Debug */ = {
			isa = XCBuildConfiguration;
			buildSettings = {
				ASSETCATALOG_COMPILER_APPICON_NAME = AppIcon;
				ASSETCATALOG_COMPILER_GLOBAL_ACCENT_COLOR_NAME = AccentColor;
				CODE_SIGN_STYLE = Automatic;
				CURRENT_PROJECT_VERSION = 1;
				DEVELOPMENT_ASSET_PATHS = "\"PocketCloud/Preview Content\"";
				DEVELOPMENT_TEAM = XS567D7DQ9;
				ENABLE_PREVIEWS = YES;
				GENERATE_INFOPLIST_FILE = YES;
				INFOPLIST_KEY_UIApplicationSceneManifest_Generation = YES;
				INFOPLIST_KEY_UIApplicationSupportsIndirectInputEvents = YES;
				INFOPLIST_KEY_UILaunchScreen_Generation = YES;
				INFOPLIST_KEY_UISupportedInterfaceOrientations_iPad = "UIInterfaceOrientationPortrait UIInterfaceOrientationPortraitUpsideDown UIInterfaceOrientationLandscapeLeft UIInterfaceOrientationLandscapeRight";
				INFOPLIST_KEY_UISupportedInterfaceOrientations_iPhone = "UIInterfaceOrientationPortrait UIInterfaceOrientationLandscapeLeft UIInterfaceOrientationLandscapeRight";
				IPHONEOS_DEPLOYMENT_TARGET = 14.0;
				LD_RUNPATH_SEARCH_PATHS = (
					"$(inherited)",
					"@executable_path/Frameworks",
				);
				MARKETING_VERSION = 1.0;
				PRODUCT_BUNDLE_IDENTIFIER = mikhail.PocketCloud;
				PRODUCT_NAME = "$(TARGET_NAME)";
				SWIFT_EMIT_LOC_STRINGS = YES;
				SWIFT_VERSION = 5.0;
				TARGETED_DEVICE_FAMILY = "1,2";
			};
			name = Debug;
		};
		7477930429E837F300285908 /* Release */ = {
			isa = XCBuildConfiguration;
			buildSettings = {
				ASSETCATALOG_COMPILER_APPICON_NAME = AppIcon;
				ASSETCATALOG_COMPILER_GLOBAL_ACCENT_COLOR_NAME = AccentColor;
				CODE_SIGN_STYLE = Automatic;
				CURRENT_PROJECT_VERSION = 1;
				DEVELOPMENT_ASSET_PATHS = "\"PocketCloud/Preview Content\"";
				DEVELOPMENT_TEAM = XS567D7DQ9;
				ENABLE_PREVIEWS = YES;
				GENERATE_INFOPLIST_FILE = YES;
				INFOPLIST_KEY_UIApplicationSceneManifest_Generation = YES;
				INFOPLIST_KEY_UIApplicationSupportsIndirectInputEvents = YES;
				INFOPLIST_KEY_UILaunchScreen_Generation = YES;
				INFOPLIST_KEY_UISupportedInterfaceOrientations_iPad = "UIInterfaceOrientationPortrait UIInterfaceOrientationPortraitUpsideDown UIInterfaceOrientationLandscapeLeft UIInterfaceOrientationLandscapeRight";
				INFOPLIST_KEY_UISupportedInterfaceOrientations_iPhone = "UIInterfaceOrientationPortrait UIInterfaceOrientationLandscapeLeft UIInterfaceOrientationLandscapeRight";
				IPHONEOS_DEPLOYMENT_TARGET = 14.0;
				LD_RUNPATH_SEARCH_PATHS = (
					"$(inherited)",
					"@executable_path/Frameworks",
				);
				MARKETING_VERSION = 1.0;
				PRODUCT_BUNDLE_IDENTIFIER = mikhail.PocketCloud;
				PRODUCT_NAME = "$(TARGET_NAME)";
				SWIFT_EMIT_LOC_STRINGS = YES;
				SWIFT_VERSION = 5.0;
				TARGETED_DEVICE_FAMILY = "1,2";
			};
			name = Release;
		};
/* End XCBuildConfiguration section */

/* Begin XCConfigurationList section */
		747792EF29E837F200285908 /* Build configuration list for PBXProject "PocketCloud" */ = {
			isa = XCConfigurationList;
			buildConfigurations = (
				7477930029E837F300285908 /* Debug */,
				7477930129E837F300285908 /* Release */,
			);
			defaultConfigurationIsVisible = 0;
			defaultConfigurationName = Release;
		};
		7477930229E837F300285908 /* Build configuration list for PBXNativeTarget "PocketCloud" */ = {
			isa = XCConfigurationList;
			buildConfigurations = (
				7477930329E837F300285908 /* Debug */,
				7477930429E837F300285908 /* Release */,
			);
			defaultConfigurationIsVisible = 0;
			defaultConfigurationName = Release;
		};
/* End XCConfigurationList section */

/* Begin XCRemoteSwiftPackageReference section */
		7477932B29E9B70F00285908 /* XCRemoteSwiftPackageReference "SwiftKeychainWrapper" */ = {
			isa = XCRemoteSwiftPackageReference;
			repositoryURL = "https://github.com/jrendel/SwiftKeychainWrapper";
			requirement = {
				branch = develop;
				kind = branch;
			};
		};
/* End XCRemoteSwiftPackageReference section */

/* Begin XCSwiftPackageProductDependency section */
		7477932C29E9B70F00285908 /* SwiftKeychainWrapper */ = {
			isa = XCSwiftPackageProductDependency;
			package = 7477932B29E9B70F00285908 /* XCRemoteSwiftPackageReference "SwiftKeychainWrapper" */;
			productName = SwiftKeychainWrapper;
		};
/* End XCSwiftPackageProductDependency section */
	};
	rootObject = 747792EC29E837F200285908 /* Project object */;
}
